<?xml version="1.0" encoding="utf-8"?>
<Project ToolsVersion="4.0" xmlns="http://schemas.microsoft.com/developer/msbuild/2003">
  <ItemGroup>
    <Filter Include="Source Files">
      <UniqueIdentifier>{4FC737F1-C7A5-4376-A066-2A32D752A2FF}</UniqueIdentifier>
      <Extensions>cpp;c;cc;cxx;def;odl;idl;hpj;bat;asm;asmx</Extensions>
    </Filter>
    <Filter Include="Header Files">
      <UniqueIdentifier>{93995380-89BD-4b04-88EB-625FBE52EBFB}</UniqueIdentifier>
      <Extensions>h;hh;hpp;hxx;hm;inl;inc;ipp;xsd</Extensions>
    </Filter>
    <Filter Include="Resource Files">
      <UniqueIdentifier>{67DA6AB6-F800-4c08-8B7A-83BB121AAD01}</UniqueIdentifier>
      <Extensions>rc;ico;cur;bmp;dlg;rc2;rct;bin;rgs;gif;jpg;jpeg;jpe;resx;tiff;tif;png;wav;mfcribbon-ms</Extensions>
    </Filter>
  </ItemGroup>
  <ItemGroup>
    <ClInclude Include="src\K-Engine\build.h">
      <Filter>Header Files</Filter>
    </ClInclude>
    <ClInclude Include="src\K_Engine.h">
      <Filter>Header Files</Filter>
    </ClInclude>
    <ClInclude Include="src\K-Engine\Texture.h">
      <Filter>Header Files</Filter>
    </ClInclude>
    <ClInclude Include="src\K-Engine\GameObject.h">
      <Filter>Header Files</Filter>
    </ClInclude>
    <ClInclude Include="src\K-Engine\Shader.h">
      <Filter>Header Files</Filter>
    </ClInclude>
    <ClInclude Include="src\K-Engine\Window.h">
      <Filter>Header Files</Filter>
    </ClInclude>
    <ClInclude Include="assets\resource.h">
      <Filter>Header Files</Filter>
    </ClInclude>
    <ClInclude Include="src\K-Engine\Editor.h">
      <Filter>Header Files</Filter>
    </ClInclude>
    <ClInclude Include="src\K-Engine\Transform.h">
      <Filter>Header Files</Filter>
    </ClInclude>
    <ClInclude Include="src\K-Engine\Mesh.h">
      <Filter>Header Files</Filter>
    </ClInclude>
    <ClInclude Include="src\K-Engine\Scene.h">
      <Filter>Header Files</Filter>
    </ClInclude>
    <ClInclude Include="src\K-Engine\Application.h">
      <Filter>Header Files</Filter>
    </ClInclude>
    <ClInclude Include="src\K-Engine\Time.h">
      <Filter>Header Files</Filter>
    </ClInclude>
    <ClInclude Include="src\K-Engine\Component.h">
      <Filter>Header Files</Filter>
    </ClInclude>
    <ClInclude Include="vendors\GLEW\include\glew.h">
      <Filter>Header Files</Filter>
    </ClInclude>
    <ClInclude Include="vendors\IMGUI\imgui.h">
      <Filter>Header Files</Filter>
    </ClInclude>
    <ClInclude Include="vendors\IMGUI\imconfig.h">
      <Filter>Header Files</Filter>
    </ClInclude>
    <ClInclude Include="vendors\IMGUI\imgui_internal.h">
      <Filter>Header Files</Filter>
    </ClInclude>
    <ClInclude Include="vendors\BOX2D\include\Arbiter.h">
      <Filter>Header Files</Filter>
    </ClInclude>
    <ClInclude Include="vendors\BOX2D\include\Body.h">
      <Filter>Header Files</Filter>
    </ClInclude>
    <ClInclude Include="vendors\BOX2D\include\Joint.h">
      <Filter>Header Files</Filter>
    </ClInclude>
    <ClInclude Include="vendors\BOX2D\include\MathUtils.h">
      <Filter>Header Files</Filter>
    </ClInclude>
    <ClInclude Include="vendors\BOX2D\include\World.h">
      <Filter>Header Files</Filter>
    </ClInclude>
    <ClInclude Include="src\K-Engine\Sprite.h">
      <Filter>Header Files</Filter>
    </ClInclude>
    <ClInclude Include="src\K-Engine\InputManager.h">
      <Filter>Header Files</Filter>
    </ClInclude>
    <ClInclude Include="src\K-Engine\Camera.h">
      <Filter>Header Files</Filter>
    </ClInclude>
    <ClInclude Include="vendors\IMGUI\imstb_rectpack.h">
      <Filter>Header Files</Filter>
    </ClInclude>
    <ClInclude Include="vendors\IMGUI\imstb_truetype.h">
      <Filter>Header Files</Filter>
    </ClInclude>
    <ClInclude Include="vendors\IMGUI\imstb_textedit.h">
      <Filter>Header Files</Filter>
    </ClInclude>
    <ClInclude Include="src\K-Engine\Player.h">
      <Filter>Header Files</Filter>
    </ClInclude>
    <ClInclude Include="src\K-Engine\Material.h">
      <Filter>Header Files</Filter>
    </ClInclude>
    <ClInclude Include="src\K-Engine\Serializer.h">
      <Filter>Header Files</Filter>
    </ClInclude>
    <ClInclude Include="vendors\STB\stb_image.h">
      <Filter>Header Files</Filter>
    </ClInclude>
    <ClInclude Include="src\K-Engine\Collider.h">
      <Filter>Header Files</Filter>
    </ClInclude>
    <ClInclude Include="src\K-Engine\PhysicsEngine.h">
      <Filter>Header Files</Filter>
    </ClInclude>
    <ClInclude Include="src\K-Engine\Animator.h">
      <Filter>Header Files</Filter>
    </ClInclude>
    <ClInclude Include="src\K-Engine\Enemy.h">
      <Filter>Header Files</Filter>
    </ClInclude>
    <ClInclude Include="src\K-Engine\SceneManager.h">
      <Filter>Header Files</Filter>
    </ClInclude>
    <ClInclude Include="src\K-Engine\Timer.h">
      <Filter>Header Files</Filter>
    </ClInclude>
    <ClInclude Include="src\K-Engine\Move.h">
      <Filter>Header Files</Filter>
    </ClInclude>
    <ClInclude Include="src\K-Engine\TriggerDeath.h">
      <Filter>Header Files</Filter>
    </ClInclude>
    <ClInclude Include="src\K-Engine\Light.h">
      <Filter>Header Files</Filter>
    </ClInclude>
    <ClInclude Include="src\K-Engine\Ship.h">
      <Filter>Header Files</Filter>
    </ClInclude>
    <ClInclude Include="src\K-Engine\FollowPlayer.h">
      <Filter>Header Files</Filter>
    </ClInclude>
    <ClInclude Include="vendors\IMGUI\backends\imgui_impl_opengl3.h">
      <Filter>Header Files</Filter>
    </ClInclude>
    <ClInclude Include="vendors\IMGUI\backends\imgui_impl_glfw.h">
      <Filter>Header Files</Filter>
    </ClInclude>
    <ClInclude Include="vendors\IMGUI\backends\imgui_impl_opengl2.h">
      <Filter>Header Files</Filter>
    </ClInclude>
    <ClInclude Include="vendors\IMGUI\backends\imgui_impl_opengl3_loader.h">
      <Filter>Header Files</Filter>
    </ClInclude>
  </ItemGroup>
  <ItemGroup>
    <ClCompile Include="src\K-Engine\Window.cpp">
      <Filter>Source Files</Filter>
    </ClCompile>
    <ClCompile Include="vendors\IMGUI\imgui_widgets.cpp">
      <Filter>Resource Files</Filter>
    </ClCompile>
    <ClCompile Include="vendors\IMGUI\imgui_tables.cpp">
      <Filter>Resource Files</Filter>
    </ClCompile>
    <ClCompile Include="vendors\IMGUI\imgui_draw.cpp">
      <Filter>Resource Files</Filter>
    </ClCompile>
    <ClCompile Include="vendors\IMGUI\imgui_demo.cpp">
      <Filter>Resource Files</Filter>
    </ClCompile>
    <ClCompile Include="vendors\IMGUI\imgui.cpp">
      <Filter>Resource Files</Filter>
    </ClCompile>
    <ClCompile Include="src\K-Engine\Application.cpp">
      <Filter>Source Files</Filter>
    </ClCompile>
    <ClCompile Include="src\K-Engine\Time.cpp">
      <Filter>Source Files</Filter>
    </ClCompile>
    <ClCompile Include="src\K-Engine\Editor.cpp">
      <Filter>Source Files</Filter>
    </ClCompile>
    <ClCompile Include="src\K-Engine\Texture.cpp">
      <Filter>Source Files</Filter>
    </ClCompile>
    <ClCompile Include="src\K-Engine\Transform.cpp">
      <Filter>Source Files</Filter>
    </ClCompile>
    <ClCompile Include="src\K-Engine\GameObject.cpp">
      <Filter>Source Files</Filter>
    </ClCompile>
    <ClCompile Include="src\K-Engine\Shader.cpp">
      <Filter>Source Files</Filter>
    </ClCompile>
    <ClCompile Include="src\K-Engine\Sprite.cpp">
      <Filter>Source Files</Filter>
    </ClCompile>
    <ClCompile Include="src\K-Engine\InputManager.cpp">
      <Filter>Source Files</Filter>
    </ClCompile>
    <ClCompile Include="src\K-Engine\Camera.cpp">
      <Filter>Source Files</Filter>
    </ClCompile>
    <ClCompile Include="src\K-Engine\Player.cpp">
      <Filter>Source Files</Filter>
    </ClCompile>
    <ClCompile Include="src\K-Engine\Component.cpp">
      <Filter>Source Files</Filter>
    </ClCompile>
    <ClCompile Include="src\K-Engine\Mesh.cpp">
      <Filter>Source Files</Filter>
    </ClCompile>
    <ClCompile Include="src\K-Engine\Material.cpp">
      <Filter>Source Files</Filter>
    </ClCompile>
    <ClCompile Include="src\K-Engine\Serializer.cpp">
      <Filter>Source Files</Filter>
    </ClCompile>
    <ClCompile Include="src\K-Engine\Collider.cpp">
      <Filter>Source Files</Filter>
    </ClCompile>
    <ClCompile Include="src\K-Engine\PhysicsEngine.cpp">
      <Filter>Source Files</Filter>
    </ClCompile>
    <ClCompile Include="src\K-Engine\Animator.cpp">
      <Filter>Source Files</Filter>
    </ClCompile>
    <ClCompile Include="src\K-Engine\Enemy.cpp">
      <Filter>Source Files</Filter>
    </ClCompile>
    <ClCompile Include="src\K-Engine\SceneManager.cpp">
      <Filter>Source Files</Filter>
    </ClCompile>
    <ClCompile Include="src\K-Engine\Timer.cpp">
      <Filter>Source Files</Filter>
    </ClCompile>
    <ClCompile Include="src\K-Engine\Move.cpp">
      <Filter>Source Files</Filter>
    </ClCompile>
    <ClCompile Include="src\K-Engine\TriggerDeath.cpp">
      <Filter>Source Files</Filter>
    </ClCompile>
    <ClCompile Include="src\K-Engine\Light.cpp">
      <Filter>Source Files</Filter>
    </ClCompile>
    <ClCompile Include="src\K-Engine\Ship.cpp">
      <Filter>Source Files</Filter>
    </ClCompile>
    <ClCompile Include="src\K-Engine\FollowPlayer.cpp">
      <Filter>Source Files</Filter>
    </ClCompile>
    <ClCompile Include="vendors\IMGUI\backends\imgui_impl_glfw.cpp">
      <Filter>Resource Files</Filter>
    </ClCompile>
    <ClCompile Include="vendors\IMGUI\backends\imgui_impl_opengl3.cpp">
      <Filter>Resource Files</Filter>
    </ClCompile>
    <ClCompile Include="vendors\IMGUI\misc\cpp\imgui_stdlib.cpp">
      <Filter>Resource Files</Filter>
    </ClCompile>
    <ClCompile Include="vendors\IMGUI\backends\imgui_impl_opengl2.cpp">
      <Filter>Source Files</Filter>
    </ClCompile>
  </ItemGroup>
  <ItemGroup>
    <Image Include="assets\textures\watermark\watermark.png">
      <Filter>Resource Files</Filter>
    </Image>
    <Image Include="assets\textures\Fox_Attack.gif">
      <Filter>Resource Files</Filter>
    </Image>
    <Image Include="assets\textures\Fox_Idle.gif">
      <Filter>Resource Files</Filter>
    </Image>
    <Image Include="assets\textures\Fox_Jump.gif">
      <Filter>Resource Files</Filter>
    </Image>
    <Image Include="assets\textures\Fox_Walk.gif">
      <Filter>Resource Files</Filter>
    </Image>
    <Image Include="assets\textures\Mouse_Idle.gif">
      <Filter>Resource Files</Filter>
    </Image>
    <Image Include="assets\textures\Mouse_Jump.gif">
      <Filter>Resource Files</Filter>
    </Image>
    <Image Include="assets\textures\Mouse_Move.gif">
      <Filter>Resource Files</Filter>
    </Image>
    <Image Include="assets\textures\Sewer_G.png">
      <Filter>Resource Files</Filter>
    </Image>
  </ItemGroup>
  <ItemGroup>
    <ResourceCompile Include="assets\KEngineResources.rc">
      <Filter>Resource Files</Filter>
    </ResourceCompile>
  </ItemGroup>
  <ItemGroup>
    <None Include="assets\shaders\3D.shader">
      <Filter>Resource Files</Filter>
    </None>
    <None Include="src\K-Engine\models1.bin">
      <Filter>Resource Files</Filter>
    </None>
    <None Include="assets\scenes\Test.JAWS" />
  </ItemGroup>
  <ItemGroup>
    <Library Include="vendors\GLEW\lib\Release\x64\glew32.lib" />
    <Library Include="vendors\GLEW\lib\Release\x64\glew32s.lib" />
  </ItemGroup>
  <ItemGroup>
    <Text Include="assets\excludeFromBuild.txt" />
    <Text Include="assets\SceneManager.txt" />
  </ItemGroup>
</Project>