
Microsoft Visual Studio Solution File, Format Version 12.00
# Visual Studio 15
Project("{8BC9CEB8-8B4A-11D0-8D11-00A0C91BC942}") = "ALL_BUILD", "ALL_BUILD.vcxproj", "{1E290B1F-139F-3928-A18D-EEE5C1ADD152}"
	ProjectSection(ProjectDependencies) = postProject
		{D946B435-C442-3796-820D-C94B2FAE853C} = {D946B435-C442-3796-820D-C94B2FAE853C}
		{94125AFD-DC1C-30BB-94ED-8725DCD6CFF2} = {94125AFD-DC1C-30BB-94ED-8725DCD6CFF2}
	EndProjectSection
EndProject
Project("{8BC9CEB8-8B4A-11D0-8D11-00A0C91BC942}") = "INSTALL", "INSTALL.vcxproj", "{FDA0E41D-61FE-3AC9-8F49-694FCD089B9C}"
	ProjectSection(ProjectDependencies) = postProject
		{1E290B1F-139F-3928-A18D-EEE5C1ADD152} = {1E290B1F-139F-3928-A18D-EEE5C1ADD152}
		{D946B435-C442-3796-820D-C94B2FAE853C} = {D946B435-C442-3796-820D-C94B2FAE853C}
	EndProjectSection
EndProject
Project("{8BC9CEB8-8B4A-11D0-8D11-00A0C91BC942}") = "ZERO_CHECK", "..\..\\ZERO_CHECK.vcxproj", "{D946B435-C442-3796-820D-C94B2FAE853C}"
	ProjectSection(ProjectDependencies) = postProject
	EndProjectSection
EndProject
Project("{8BC9CEB8-8B4A-11D0-8D11-00A0C91BC942}") = "zlibstatic", "zlibstatic.vcxproj", "{94125AFD-DC1C-30BB-94ED-8725DCD6CFF2}"
	ProjectSection(ProjectDependencies) = postProject
		{D946B435-C442-3796-820D-C94B2FAE853C} = {D946B435-C442-3796-820D-C94B2FAE853C}
	EndProjectSection
EndProject
Global
	GlobalSection(SolutionConfigurationPlatforms) = preSolution
		Debug|Win32 = Debug|Win32
		Release|Win32 = Release|Win32
		MinSizeRel|Win32 = MinSizeRel|Win32
		RelWithDebInfo|Win32 = RelWithDebInfo|Win32
	EndGlobalSection
	GlobalSection(ProjectConfigurationPlatforms) = postSolution
		{1E290B1F-139F-3928-A18D-EEE5C1ADD152}.Debug|Win32.ActiveCfg = Debug|Win32
		{1E290B1F-139F-3928-A18D-EEE5C1ADD152}.Debug|Win32.Build.0 = Debug|Win32
		{1E290B1F-139F-3928-A18D-EEE5C1ADD152}.Release|Win32.ActiveCfg = Release|Win32
		{1E290B1F-139F-3928-A18D-EEE5C1ADD152}.Release|Win32.Build.0 = Release|Win32
		{1E290B1F-139F-3928-A18D-EEE5C1ADD152}.MinSizeRel|Win32.ActiveCfg = MinSizeRel|Win32
		{1E290B1F-139F-3928-A18D-EEE5C1ADD152}.MinSizeRel|Win32.Build.0 = MinSizeRel|Win32
		{1E290B1F-139F-3928-A18D-EEE5C1ADD152}.RelWithDebInfo|Win32.ActiveCfg = RelWithDebInfo|Win32
		{1E290B1F-139F-3928-A18D-EEE5C1ADD152}.RelWithDebInfo|Win32.Build.0 = RelWithDebInfo|Win32
		{FDA0E41D-61FE-3AC9-8F49-694FCD089B9C}.Debug|Win32.ActiveCfg = Debug|Win32
		{FDA0E41D-61FE-3AC9-8F49-694FCD089B9C}.Release|Win32.ActiveCfg = Release|Win32
		{FDA0E41D-61FE-3AC9-8F49-694FCD089B9C}.MinSizeRel|Win32.ActiveCfg = MinSizeRel|Win32
		{FDA0E41D-61FE-3AC9-8F49-694FCD089B9C}.RelWithDebInfo|Win32.ActiveCfg = RelWithDebInfo|Win32
		{D946B435-C442-3796-820D-C94B2FAE853C}.Debug|Win32.ActiveCfg = Debug|Win32
		{D946B435-C442-3796-820D-C94B2FAE853C}.Debug|Win32.Build.0 = Debug|Win32
		{D946B435-C442-3796-820D-C94B2FAE853C}.Release|Win32.ActiveCfg = Release|Win32
		{D946B435-C442-3796-820D-C94B2FAE853C}.Release|Win32.Build.0 = Release|Win32
		{D946B435-C442-3796-820D-C94B2FAE853C}.MinSizeRel|Win32.ActiveCfg = MinSizeRel|Win32
		{D946B435-C442-3796-820D-C94B2FAE853C}.MinSizeRel|Win32.Build.0 = MinSizeRel|Win32
		{D946B435-C442-3796-820D-C94B2FAE853C}.RelWithDebInfo|Win32.ActiveCfg = RelWithDebInfo|Win32
		{D946B435-C442-3796-820D-C94B2FAE853C}.RelWithDebInfo|Win32.Build.0 = RelWithDebInfo|Win32
		{94125AFD-DC1C-30BB-94ED-8725DCD6CFF2}.Debug|Win32.ActiveCfg = Debug|Win32
		{94125AFD-DC1C-30BB-94ED-8725DCD6CFF2}.Debug|Win32.Build.0 = Debug|Win32
		{94125AFD-DC1C-30BB-94ED-8725DCD6CFF2}.Release|Win32.ActiveCfg = Release|Win32
		{94125AFD-DC1C-30BB-94ED-8725DCD6CFF2}.Release|Win32.Build.0 = Release|Win32
		{94125AFD-DC1C-30BB-94ED-8725DCD6CFF2}.MinSizeRel|Win32.ActiveCfg = MinSizeRel|Win32
		{94125AFD-DC1C-30BB-94ED-8725DCD6CFF2}.MinSizeRel|Win32.Build.0 = MinSizeRel|Win32
		{94125AFD-DC1C-30BB-94ED-8725DCD6CFF2}.RelWithDebInfo|Win32.ActiveCfg = RelWithDebInfo|Win32
		{94125AFD-DC1C-30BB-94ED-8725DCD6CFF2}.RelWithDebInfo|Win32.Build.0 = RelWithDebInfo|Win32
	EndGlobalSection
	GlobalSection(ExtensibilityGlobals) = postSolution
		SolutionGuid = {4A4EEF3B-A9AA-3A47-A47F-7CF6AFBF8F66}
	EndGlobalSection
	GlobalSection(ExtensibilityAddIns) = postSolution
	EndGlobalSection
EndGlobal
